
Microsoft Visual Studio Solution File, Format Version 12.00
# Visual Studio Version 17
VisualStudioVersion = 17.13.36105.23 d17.13
MinimumVisualStudioVersion = 10.0.40219.1
Project("{FAE04EC0-301F-11D3-BF4B-00C04F79EFBC}") = "Store", "Store.csproj", "{9589EA47-63F7-4CC5-8905-DED87A7CF8D9}"
EndProject
Global
	GlobalSection(SolutionConfigurationPlatforms) = preSolution
		Debug|Any CPU = Debug|Any CPU
		Release|Any CPU = Release|Any CPU
	EndGlobalSection
	GlobalSection(ProjectConfigurationPlatforms) = postSolution
		{9589EA47-63F7-4CC5-8905-DED87A7CF8D9}.Debug|Any CPU.ActiveCfg = Debug|Any CPU
		{9589EA47-63F7-4CC5-8905-DED87A7CF8D9}.Debug|Any CPU.Build.0 = Debug|Any CPU
		{9589EA47-63F7-4CC5-8905-DED87A7CF8D9}.Release|Any CPU.ActiveCfg = Release|Any CPU
		{9589EA47-63F7-4CC5-8905-DED87A7CF8D9}.Release|Any CPU.Build.0 = Release|Any CPU
	EndGlobalSection
	GlobalSection(SolutionProperties) = preSolution
		HideSolutionNode = FALSE
	EndGlobalSection
	GlobalSection(ExtensibilityGlobals) = postSolution
		SolutionGuid = {B0491A4C-1F91-4D1F-87EF-AD21E5258B11}
	EndGlobalSection
EndGlobal
